<Solution>
  <Folder Name="/tests/">
    <Project Path="tests/Pisum.Whisper.App.Tests/Pisum.Whisper.App.Tests.csproj" />
    <Project Path="tests/Pisum.Whisper.Core.Tests/Pisum.Whisper.Core.Tests.csproj" />
    <Project Path="tests/Pisum.Whisper.Platform.Tests/Pisum.Whisper.Platform.Tests.csproj" />
  </Folder>
  <Project Path="src/Pisum.Whisper.App/Pisum.Whisper.App.csproj" />
  <Project Path="src/Pisum.Whisper.Core/Pisum.Whisper.Core.csproj" />
  <Project Path="src/Pisum.Whisper.Platform/Pisum.Whisper.Platform.csproj" />
</Solution>
